{
  "name": "project1",
  "version": "1.0.0",
  "lockfileVersion": 1,
  "requires": true,
  "dependencies": {
    "sentiment": {
      "version": "4.0.1",
      "resolved": "https://registry.npmjs.org/sentiment/-/sentiment-4.0.1.tgz",
      "integrity": "sha512-XQDM/jtYRzlrgdiY0XDYSfULQQC2wyPS7aecGac741ict9WyEoskJLcbzmNG8fyZpTyKYa55nJpYxHwCTyTywA=="
    }
  }
}
